
Microsoft Visual Studio Solution File, Format Version 12.00
# Visual Studio Version 17
VisualStudioVersion = 17.7.34031.279
MinimumVisualStudioVersion = 10.0.40219.1
Project("{FAE04EC0-301F-11D3-BF4B-00C04F79EFBC}") = "Primer", "Primer.csproj", "{9F99DDFD-4118-4AA8-9570-400084C35311}"
EndProject
Global
	GlobalSection(SolutionConfigurationPlatforms) = preSolution
		Debug|Any CPU = Debug|Any CPU
		Release|Any CPU = Release|Any CPU
	EndGlobalSection
	GlobalSection(ProjectConfigurationPlatforms) = postSolution
		{9F99DDFD-4118-4AA8-9570-400084C35311}.Debug|Any CPU.ActiveCfg = Debug|Any CPU
		{9F99DDFD-4118-4AA8-9570-400084C35311}.Debug|Any CPU.Build.0 = Debug|Any CPU
		{9F99DDFD-4118-4AA8-9570-400084C35311}.Release|Any CPU.ActiveCfg = Release|Any CPU
		{9F99DDFD-4118-4AA8-9570-400084C35311}.Release|Any CPU.Build.0 = Release|Any CPU
	EndGlobalSection
	GlobalSection(SolutionProperties) = preSolution
		HideSolutionNode = FALSE
	EndGlobalSection
	GlobalSection(ExtensibilityGlobals) = postSolution
		SolutionGuid = {5E6584F6-FCAC-46BE-8D30-0E4BD9132238}
	EndGlobalSection
EndGlobal
